// !$*UTF8*$!
{
	archiveVersion = 1;
	classes = {
	};
	objectVersion = 56;
	objects = {

/* Begin PBXBuildFile section */
		6B7AB9EE2A3B4B0D006D5FAD /* AppDelegate.swift in Sources */ = {isa = PBXBuildFile; fileRef = 6B7AB9ED2A3B4B0D006D5FAD /* AppDelegate.swift */; };
		6B7AB9F02A3B4B0D006D5FAD /* Prac123.swift in Sources */ = {isa = PBXBuildFile; fileRef = 6B7AB9EF2A3B4B0D006D5FAD /* Prac123.swift */; };
		6B7AB9F42A3B4B0E006D5FAD /* Assets.xcassets in Resources */ = {isa = PBXBuildFile; fileRef = 6B7AB9F32A3B4B0E006D5FAD /* Assets.xcassets */; };
		6B7AB9F72A3B4B0E006D5FAD /* Preview Assets.xcassets in Resources */ = {isa = PBXBuildFile; fileRef = 6B7AB9F62A3B4B0E006D5FAD /* Preview Assets.xcassets */; };
		6B7ABA002A3B5C13006D5FAD /* Prac4.swift in Sources */ = {isa = PBXBuildFile; fileRef = 6B7AB9FF2A3B5C13006D5FAD /* Prac4.swift */; };
		6B7ABA022A3B65F1006D5FAD /* Prac5.swift in Sources */ = {isa = PBXBuildFile; fileRef = 6B7ABA012A3B65F1006D5FAD /* Prac5.swift */; };
		6B7ABA042A3B683C006D5FAD /* Prac6.swift in Sources */ = {isa = PBXBuildFile; fileRef = 6B7ABA032A3B683C006D5FAD /* Prac6.swift */; };
		6B7ABA062A3B68AF006D5FAD /* robot.usdz in Resources */ = {isa = PBXBuildFile; fileRef = 6B7ABA052A3B68AF006D5FAD /* robot.usdz */; };
		6BF64BDB2A408FCE000F0EC7 /* teapot.usdz in Resources */ = {isa = PBXBuildFile; fileRef = 6BF64BDA2A408FCE000F0EC7 /* teapot.usdz */; };
		6BF64BDD2A409223000F0EC7 /* astronaut.reality in Resources */ = {isa = PBXBuildFile; fileRef = 6BF64BDC2A409223000F0EC7 /* astronaut.reality */; };
		6BF64BDF2A4093FD000F0EC7 /* Prac7.swift in Sources */ = {isa = PBXBuildFile; fileRef = 6BF64BDE2A4093FD000F0EC7 /* Prac7.swift */; };
/* End PBXBuildFile section */

/* Begin PBXFileReference section */
		6B7AB9EA2A3B4B0D006D5FAD /* HelloAR.app */ = {isa = PBXFileReference; explicitFileType = wrapper.application; includeInIndex = 0; path = HelloAR.app; sourceTree = BUILT_PRODUCTS_DIR; };
		6B7AB9ED2A3B4B0D006D5FAD /* AppDelegate.swift */ = {isa = PBXFileReference; lastKnownFileType = sourcecode.swift; path = AppDelegate.swift; sourceTree = "<group>"; };
		6B7AB9EF2A3B4B0D006D5FAD /* Prac123.swift */ = {isa = PBXFileReference; lastKnownFileType = sourcecode.swift; path = Prac123.swift; sourceTree = "<group>"; };
		6B7AB9F32A3B4B0E006D5FAD /* Assets.xcassets */ = {isa = PBXFileReference; lastKnownFileType = folder.assetcatalog; path = Assets.xcassets; sourceTree = "<group>"; };
		6B7AB9F62A3B4B0E006D5FAD /* Preview Assets.xcassets */ = {isa = PBXFileReference; lastKnownFileType = folder.assetcatalog; path = "Preview Assets.xcassets"; sourceTree = "<group>"; };
		6B7AB9FF2A3B5C13006D5FAD /* Prac4.swift */ = {isa = PBXFileReference; lastKnownFileType = sourcecode.swift; path = Prac4.swift; sourceTree = "<group>"; };
		6B7ABA012A3B65F1006D5FAD /* Prac5.swift */ = {isa = PBXFileReference; lastKnownFileType = sourcecode.swift; path = Prac5.swift; sourceTree = "<group>"; };
		6B7ABA032A3B683C006D5FAD /* Prac6.swift */ = {isa = PBXFileReference; lastKnownFileType = sourcecode.swift; path = Prac6.swift; sourceTree = "<group>"; };
		6B7ABA052A3B68AF006D5FAD /* robot.usdz */ = {isa = PBXFileReference; lastKnownFileType = file.usdz; path = robot.usdz; sourceTree = "<group>"; };
		6BF64BDA2A408FCE000F0EC7 /* teapot.usdz */ = {isa = PBXFileReference; lastKnownFileType = file.usdz; path = teapot.usdz; sourceTree = "<group>"; };
		6BF64BDC2A409223000F0EC7 /* astronaut.reality */ = {isa = PBXFileReference; lastKnownFileType = file; path = astronaut.reality; sourceTree = "<group>"; };
		6BF64BDE2A4093FD000F0EC7 /* Prac7.swift */ = {isa = PBXFileReference; lastKnownFileType = sourcecode.swift; path = Prac7.swift; sourceTree = "<group>"; };
/* End PBXFileReference section */

/* Begin PBXFrameworksBuildPhase section */
		6B7AB9E72A3B4B0D006D5FAD /* Frameworks */ = {
			isa = PBXFrameworksBuildPhase;
			buildActionMask = 2147483647;
			files = (
			);
			runOnlyForDeploymentPostprocessing = 0;
		};
/* End PBXFrameworksBuildPhase section */

/* Begin PBXGroup section */
		6B7AB9E12A3B4B0D006D5FAD = {
			isa = PBXGroup;
			children = (
				6B7AB9EC2A3B4B0D006D5FAD /* HelloAR */,
				6B7AB9EB2A3B4B0D006D5FAD /* Products */,
			);
			sourceTree = "<group>";
		};
		6B7AB9EB2A3B4B0D006D5FAD /* Products */ = {
			isa = PBXGroup;
			children = (
				6B7AB9EA2A3B4B0D006D5FAD /* HelloAR.app */,
			);
			name = Products;
			sourceTree = "<group>";
		};
		6B7AB9EC2A3B4B0D006D5FAD /* HelloAR */ = {
			isa = PBXGroup;
			children = (
				6B7AB9ED2A3B4B0D006D5FAD /* AppDelegate.swift */,
				6B7AB9EF2A3B4B0D006D5FAD /* Prac123.swift */,
				6B7AB9FF2A3B5C13006D5FAD /* Prac4.swift */,
				6B7ABA012A3B65F1006D5FAD /* Prac5.swift */,
				6B7ABA032A3B683C006D5FAD /* Prac6.swift */,
				6BF64BDE2A4093FD000F0EC7 /* Prac7.swift */,
				6BF64BDC2A409223000F0EC7 /* astronaut.reality */,
				6B7ABA052A3B68AF006D5FAD /* robot.usdz */,
				6BF64BDA2A408FCE000F0EC7 /* teapot.usdz */,
				6B7AB9F32A3B4B0E006D5FAD /* Assets.xcassets */,
				6B7AB9F52A3B4B0E006D5FAD /* Preview Content */,
			);
			path = HelloAR;
			sourceTree = "<group>";
		};
		6B7AB9F52A3B4B0E006D5FAD /* Preview Content */ = {
			isa = PBXGroup;
			children = (
				6B7AB9F62A3B4B0E006D5FAD /* Preview Assets.xcassets */,
			);
			path = "Preview Content";
			sourceTree = "<group>";
		};
/* End PBXGroup section */

/* Begin PBXNativeTarget section */
		6B7AB9E92A3B4B0D006D5FAD /* HelloAR */ = {
			isa = PBXNativeTarget;
			buildConfigurationList = 6B7AB9FA2A3B4B0E006D5FAD /* Build configuration list for PBXNativeTarget "HelloAR" */;
			buildPhases = (
				6B7AB9E62A3B4B0D006D5FAD /* Sources */,
				6B7AB9E72A3B4B0D006D5FAD /* Frameworks */,
				6B7AB9E82A3B4B0D006D5FAD /* Resources */,
			);
			buildRules = (
			);
			dependencies = (
			);
			name = HelloAR;
			productName = HelloAR;
			productReference = 6B7AB9EA2A3B4B0D006D5FAD /* HelloAR.app */;
			productType = "com.apple.product-type.application";
		};
/* End PBXNativeTarget section */

/* Begin PBXProject section */
		6B7AB9E22A3B4B0D006D5FAD /* Project object */ = {
			isa = PBXProject;
			attributes = {
				BuildIndependentTargetsInParallel = 1;
				LastSwiftUpdateCheck = 1430;
				LastUpgradeCheck = 1430;
				TargetAttributes = {
					6B7AB9E92A3B4B0D006D5FAD = {
						CreatedOnToolsVersion = 14.3.1;
					};
				};
			};
			buildConfigurationList = 6B7AB9E52A3B4B0D006D5FAD /* Build configuration list for PBXProject "HelloAR" */;
			compatibilityVersion = "Xcode 14.0";
			developmentRegion = en;
			hasScannedForEncodings = 0;
			knownRegions = (
				en,
				Base,
			);
			mainGroup = 6B7AB9E12A3B4B0D006D5FAD;
			productRefGroup = 6B7AB9EB2A3B4B0D006D5FAD /* Products */;
			projectDirPath = "";
			projectRoot = "";
			targets = (
				6B7AB9E92A3B4B0D006D5FAD /* HelloAR */,
			);
		};
/* End PBXProject section */

/* Begin PBXResourcesBuildPhase section */
		6B7AB9E82A3B4B0D006D5FAD /* Resources */ = {
			isa = PBXResourcesBuildPhase;
			buildActionMask = 2147483647;
			files = (
				6BF64BDD2A409223000F0EC7 /* astronaut.reality in Resources */,
				6BF64BDB2A408FCE000F0EC7 /* teapot.usdz in Resources */,
				6B7AB9F72A3B4B0E006D5FAD /* Preview Assets.xcassets in Resources */,
				6B7AB9F42A3B4B0E006D5FAD /* Assets.xcassets in Resources */,
				6B7ABA062A3B68AF006D5FAD /* robot.usdz in Resources */,
			);
			runOnlyForDeploymentPostprocessing = 0;
		};
/* End PBXResourcesBuildPhase section */

/* Begin PBXSourcesBuildPhase section */
		6B7AB9E62A3B4B0D006D5FAD /* Sources */ = {
			isa = PBXSourcesBuildPhase;
			buildActionMask = 2147483647;
			files = (
				6B7ABA042A3B683C006D5FAD /* Prac6.swift in Sources */,
				6B7AB9F02A3B4B0D006D5FAD /* Prac123.swift in Sources */,
				6B7ABA022A3B65F1006D5FAD /* Prac5.swift in Sources */,
				6B7AB9EE2A3B4B0D006D5FAD /* AppDelegate.swift in Sources */,
				6B7ABA002A3B5C13006D5FAD /* Prac4.swift in Sources */,
				6BF64BDF2A4093FD000F0EC7 /* Prac7.swift in Sources */,
			);
			runOnlyForDeploymentPostprocessing = 0;
		};
/* End PBXSourcesBuildPhase section */

/* Begin XCBuildConfiguration section */
		6B7AB9F82A3B4B0E006D5FAD /* Debug */ = {
			isa = XCBuildConfiguration;
			buildSettings = {
				ALWAYS_SEARCH_USER_PATHS = NO;
				CLANG_ANALYZER_NONNULL = YES;
				CLANG_ANALYZER_NUMBER_OBJECT_CONVERSION = YES_AGGRESSIVE;
				CLANG_CXX_LANGUAGE_STANDARD = "gnu++20";
				CLANG_ENABLE_MODULES = YES;
				CLANG_ENABLE_OBJC_ARC = YES;
				CLANG_ENABLE_OBJC_WEAK = YES;
				CLANG_WARN_BLOCK_CAPTURE_AUTORELEASING = YES;
				CLANG_WARN_BOOL_CONVERSION = YES;
				CLANG_WARN_COMMA = YES;
				CLANG_WARN_CONSTANT_CONVERSION = YES;
				CLANG_WARN_DEPRECATED_OBJC_IMPLEMENTATIONS = YES;
				CLANG_WARN_DIRECT_OBJC_ISA_USAGE = YES_ERROR;
				CLANG_WARN_DOCUMENTATION_COMMENTS = YES;
				CLANG_WARN_EMPTY_BODY = YES;
				CLANG_WARN_ENUM_CONVERSION = YES;
				CLANG_WARN_INFINITE_RECURSION = YES;
				CLANG_WARN_INT_CONVERSION = YES;
				CLANG_WARN_NON_LITERAL_NULL_CONVERSION = YES;
				CLANG_WARN_OBJC_IMPLICIT_RETAIN_SELF = YES;
				CLANG_WARN_OBJC_LITERAL_CONVERSION = YES;
				CLANG_WARN_OBJC_ROOT_CLASS = YES_ERROR;
				CLANG_WARN_QUOTED_INCLUDE_IN_FRAMEWORK_HEADER = YES;
				CLANG_WARN_RANGE_LOOP_ANALYSIS = YES;
				CLANG_WARN_STRICT_PROTOTYPES = YES;
				CLANG_WARN_SUSPICIOUS_MOVE = YES;
				CLANG_WARN_UNGUARDED_AVAILABILITY = YES_AGGRESSIVE;
				CLANG_WARN_UNREACHABLE_CODE = YES;
				CLANG_WARN__DUPLICATE_METHOD_MATCH = YES;
				COPY_PHASE_STRIP = NO;
				DEBUG_INFORMATION_FORMAT = dwarf;
				ENABLE_STRICT_OBJC_MSGSEND = YES;
				ENABLE_TESTABILITY = YES;
				GCC_C_LANGUAGE_STANDARD = gnu11;
				GCC_DYNAMIC_NO_PIC = NO;
				GCC_NO_COMMON_BLOCKS = YES;
				GCC_OPTIMIZATION_LEVEL = 0;
				GCC_PREPROCESSOR_DEFINITIONS = (
					"DEBUG=1",
					"$(inherited)",
				);
				GCC_WARN_64_TO_32_BIT_CONVERSION = YES;
				GCC_WARN_ABOUT_RETURN_TYPE = YES_ERROR;
				GCC_WARN_UNDECLARED_SELECTOR = YES;
				GCC_WARN_UNINITIALIZED_AUTOS = YES_AGGRESSIVE;
				GCC_WARN_UNUSED_FUNCTION = YES;
				GCC_WARN_UNUSED_VARIABLE = YES;
				IPHONEOS_DEPLOYMENT_TARGET = 16.4;
				MTL_ENABLE_DEBUG_INFO = INCLUDE_SOURCE;
				MTL_FAST_MATH = YES;
				ONLY_ACTIVE_ARCH = YES;
				SDKROOT = iphoneos;
				SWIFT_ACTIVE_COMPILATION_CONDITIONS = DEBUG;
				SWIFT_OPTIMIZATION_LEVEL = "-Onone";
			};
			name = Debug;
		};
		6B7AB9F92A3B4B0E006D5FAD /* Release */ = {
			isa = XCBuildConfiguration;
			buildSettings = {
				ALWAYS_SEARCH_USER_PATHS = NO;
				CLANG_ANALYZER_NONNULL = YES;
				CLANG_ANALYZER_NUMBER_OBJECT_CONVERSION = YES_AGGRESSIVE;
				CLANG_CXX_LANGUAGE_STANDARD = "gnu++20";
				CLANG_ENABLE_MODULES = YES;
				CLANG_ENABLE_OBJC_ARC = YES;
				CLANG_ENABLE_OBJC_WEAK = YES;
				CLANG_WARN_BLOCK_CAPTURE_AUTORELEASING = YES;
				CLANG_WARN_BOOL_CONVERSION = YES;
				CLANG_WARN_COMMA = YES;
				CLANG_WARN_CONSTANT_CONVERSION = YES;
				CLANG_WARN_DEPRECATED_OBJC_IMPLEMENTATIONS = YES;
				CLANG_WARN_DIRECT_OBJC_ISA_USAGE = YES_ERROR;
				CLANG_WARN_DOCUMENTATION_COMMENTS = YES;
				CLANG_WARN_EMPTY_BODY = YES;
				CLANG_WARN_ENUM_CONVERSION = YES;
				CLANG_WARN_INFINITE_RECURSION = YES;
				CLANG_WARN_INT_CONVERSION = YES;
				CLANG_WARN_NON_LITERAL_NULL_CONVERSION = YES;
				CLANG_WARN_OBJC_IMPLICIT_RETAIN_SELF = YES;
				CLANG_WARN_OBJC_LITERAL_CONVERSION = YES;
				CLANG_WARN_OBJC_ROOT_CLASS = YES_ERROR;
				CLANG_WARN_QUOTED_INCLUDE_IN_FRAMEWORK_HEADER = YES;
				CLANG_WARN_RANGE_LOOP_ANALYSIS = YES;
				CLANG_WARN_STRICT_PROTOTYPES = YES;
				CLANG_WARN_SUSPICIOUS_MOVE = YES;
				CLANG_WARN_UNGUARDED_AVAILABILITY = YES_AGGRESSIVE;
				CLANG_WARN_UNREACHABLE_CODE = YES;
				CLANG_WARN__DUPLICATE_METHOD_MATCH = YES;
				COPY_PHASE_STRIP = NO;
				DEBUG_INFORMATION_FORMAT = "dwarf-with-dsym";
				ENABLE_NS_ASSERTIONS = NO;
				ENABLE_STRICT_OBJC_MSGSEND = YES;
				GCC_C_LANGUAGE_STANDARD = gnu11;
				GCC_NO_COMMON_BLOCKS = YES;
				GCC_WARN_64_TO_32_BIT_CONVERSION = YES;
				GCC_WARN_ABOUT_RETURN_TYPE = YES_ERROR;
				GCC_WARN_UNDECLARED_SELECTOR = YES;
				GCC_WARN_UNINITIALIZED_AUTOS = YES_AGGRESSIVE;
				GCC_WARN_UNUSED_FUNCTION = YES;
				GCC_WARN_UNUSED_VARIABLE = YES;
				IPHONEOS_DEPLOYMENT_TARGET = 16.4;
				MTL_ENABLE_DEBUG_INFO = NO;
				MTL_FAST_MATH = YES;
				SDKROOT = iphoneos;
				SWIFT_COMPILATION_MODE = wholemodule;
				SWIFT_OPTIMIZATION_LEVEL = "-O";
				VALIDATE_PRODUCT = YES;
			};
			name = Release;
		};
		6B7AB9FB2A3B4B0E006D5FAD /* Debug */ = {
			isa = XCBuildConfiguration;
			buildSettings = {
				ASSETCATALOG_COMPILER_APPICON_NAME = AppIcon;
				ASSETCATALOG_COMPILER_GLOBAL_ACCENT_COLOR_NAME = AccentColor;
				CODE_SIGN_STYLE = Automatic;
				CURRENT_PROJECT_VERSION = 1;
				DEVELOPMENT_ASSET_PATHS = "\"HelloAR/Preview Content\"";
				DEVELOPMENT_TEAM = TB9WF4459Q;
				ENABLE_PREVIEWS = YES;
				GENERATE_INFOPLIST_FILE = YES;
				INFOPLIST_KEY_NSCameraUsageDescription = "";
				INFOPLIST_KEY_UIApplicationSupportsIndirectInputEvents = YES;
				INFOPLIST_KEY_UILaunchScreen_Generation = YES;
				INFOPLIST_KEY_UIRequiredDeviceCapabilities = arkit;
				INFOPLIST_KEY_UIStatusBarHidden = YES;
				INFOPLIST_KEY_UISupportedInterfaceOrientations_iPad = "UIInterfaceOrientationPortrait UIInterfaceOrientationPortraitUpsideDown UIInterfaceOrientationLandscapeLeft UIInterfaceOrientationLandscapeRight";
				INFOPLIST_KEY_UISupportedInterfaceOrientations_iPhone = "UIInterfaceOrientationPortrait UIInterfaceOrientationLandscapeLeft UIInterfaceOrientationLandscapeRight";
				LD_RUNPATH_SEARCH_PATHS = (
					"$(inherited)",
					"@executable_path/Frameworks",
				);
				MARKETING_VERSION = 1.0;
				PRODUCT_BUNDLE_IDENTIFIER = YC.HelloAR;
				PRODUCT_NAME = "$(TARGET_NAME)";
				SWIFT_EMIT_LOC_STRINGS = YES;
				SWIFT_VERSION = 5.0;
				TARGETED_DEVICE_FAMILY = "1,2";
			};
			name = Debug;
		};
		6B7AB9FC2A3B4B0E006D5FAD /* Release */ = {
			isa = XCBuildConfiguration;
			buildSettings = {
				ASSETCATALOG_COMPILER_APPICON_NAME = AppIcon;
				ASSETCATALOG_COMPILER_GLOBAL_ACCENT_COLOR_NAME = AccentColor;
				CODE_SIGN_STYLE = Automatic;
				CURRENT_PROJECT_VERSION = 1;
				DEVELOPMENT_ASSET_PATHS = "\"HelloAR/Preview Content\"";
				DEVELOPMENT_TEAM = TB9WF4459Q;
				ENABLE_PREVIEWS = YES;
				GENERATE_INFOPLIST_FILE = YES;
				INFOPLIST_KEY_NSCameraUsageDescription = "";
				INFOPLIST_KEY_UIApplicationSupportsIndirectInputEvents = YES;
				INFOPLIST_KEY_UILaunchScreen_Generation = YES;
				INFOPLIST_KEY_UIRequiredDeviceCapabilities = arkit;
				INFOPLIST_KEY_UIStatusBarHidden = YES;
				INFOPLIST_KEY_UISupportedInterfaceOrientations_iPad = "UIInterfaceOrientationPortrait UIInterfaceOrientationPortraitUpsideDown UIInterfaceOrientationLandscapeLeft UIInterfaceOrientationLandscapeRight";
				INFOPLIST_KEY_UISupportedInterfaceOrientations_iPhone = "UIInterfaceOrientationPortrait UIInterfaceOrientationLandscapeLeft UIInterfaceOrientationLandscapeRight";
				LD_RUNPATH_SEARCH_PATHS = (
					"$(inherited)",
					"@executable_path/Frameworks",
				);
				MARKETING_VERSION = 1.0;
				PRODUCT_BUNDLE_IDENTIFIER = YC.HelloAR;
				PRODUCT_NAME = "$(TARGET_NAME)";
				SWIFT_EMIT_LOC_STRINGS = YES;
				SWIFT_VERSION = 5.0;
				TARGETED_DEVICE_FAMILY = "1,2";
			};
			name = Release;
		};
/* End XCBuildConfiguration section */

/* Begin XCConfigurationList section */
		6B7AB9E52A3B4B0D006D5FAD /* Build configuration list for PBXProject "HelloAR" */ = {
			isa = XCConfigurationList;
			buildConfigurations = (
				6B7AB9F82A3B4B0E006D5FAD /* Debug */,
				6B7AB9F92A3B4B0E006D5FAD /* Release */,
			);
			defaultConfigurationIsVisible = 0;
			defaultConfigurationName = Release;
		};
		6B7AB9FA2A3B4B0E006D5FAD /* Build configuration list for PBXNativeTarget "HelloAR" */ = {
			isa = XCConfigurationList;
			buildConfigurations = (
				6B7AB9FB2A3B4B0E006D5FAD /* Debug */,
				6B7AB9FC2A3B4B0E006D5FAD /* Release */,
			);
			defaultConfigurationIsVisible = 0;
			defaultConfigurationName = Release;
		};
/* End XCConfigurationList section */
	};
	rootObject = 6B7AB9E22A3B4B0D006D5FAD /* Project object */;
}
